
Microsoft Visual Studio Solution File, Format Version 12.00
# Visual Studio Version 16
VisualStudioVersion = 16.0.31019.35
MinimumVisualStudioVersion = 10.0.40219.1
Project("{FAE04EC0-301F-11D3-BF4B-00C04F79EFBC}") = "OZON__", "OZON__\OZON__.csproj", "{0AB8AD13-F58B-4520-80A0-BB944A79D04A}"
EndProject
Global
	GlobalSection(SolutionConfigurationPlatforms) = preSolution
		Debug|Any CPU = Debug|Any CPU
		Release|Any CPU = Release|Any CPU
	EndGlobalSection
	GlobalSection(ProjectConfigurationPlatforms) = postSolution
		{0AB8AD13-F58B-4520-80A0-BB944A79D04A}.Debug|Any CPU.ActiveCfg = Debug|Any CPU
		{0AB8AD13-F58B-4520-80A0-BB944A79D04A}.Debug|Any CPU.Build.0 = Debug|Any CPU
		{0AB8AD13-F58B-4520-80A0-BB944A79D04A}.Release|Any CPU.ActiveCfg = Release|Any CPU
		{0AB8AD13-F58B-4520-80A0-BB944A79D04A}.Release|Any CPU.Build.0 = Release|Any CPU
	EndGlobalSection
	GlobalSection(SolutionProperties) = preSolution
		HideSolutionNode = FALSE
	EndGlobalSection
	GlobalSection(ExtensibilityGlobals) = postSolution
		SolutionGuid = {BDF359C5-28A6-49CB-8E7E-7F3F0732D3DA}
	EndGlobalSection
EndGlobal
